PODS:
  - Aspects (1.4.1)
  - fishhook (0.2)

DEPENDENCIES:
  - Aspects
  - fishhook

SPEC REPOS:
  https://github.com/cocoapods/specs.git:
    - Aspects
    - fishhook

SPEC CHECKSUMS:
  Aspects: 7595ba96a6727a58ebcbfc954497fc5d2fdde546
  fishhook: ea19933abfe8f2f52c55fd8b6e2718467d3ebc89

PODFILE CHECKSUM: f60a5d433954a4bd9000ee57429a2574b0cab1ec

COCOAPODS: 1.5.3
